
Microsoft Visual Studio Solution File, Format Version 12.00
# Visual Studio Version 17
VisualStudioVersion = 17.6.33829.357
MinimumVisualStudioVersion = 10.0.40219.1
Project("{FAE04EC0-301F-11D3-BF4B-00C04F79EFBC}") = "AskApplicant", "AskApplicant\AskApplicant.csproj", "{071E1B00-971E-4701-9C9A-16A1ADA1DE6C}"
EndProject
Global
	GlobalSection(SolutionConfigurationPlatforms) = preSolution
		Debug|Any CPU = Debug|Any CPU
		Release|Any CPU = Release|Any CPU
	EndGlobalSection
	GlobalSection(ProjectConfigurationPlatforms) = postSolution
		{071E1B00-971E-4701-9C9A-16A1ADA1DE6C}.Debug|Any CPU.ActiveCfg = Debug|Any CPU
		{071E1B00-971E-4701-9C9A-16A1ADA1DE6C}.Debug|Any CPU.Build.0 = Debug|Any CPU
		{071E1B00-971E-4701-9C9A-16A1ADA1DE6C}.Release|Any CPU.ActiveCfg = Release|Any CPU
		{071E1B00-971E-4701-9C9A-16A1ADA1DE6C}.Release|Any CPU.Build.0 = Release|Any CPU
	EndGlobalSection
	GlobalSection(SolutionProperties) = preSolution
		HideSolutionNode = FALSE
	EndGlobalSection
	GlobalSection(ExtensibilityGlobals) = postSolution
		SolutionGuid = {E8B96C83-3139-495B-A0BF-B00D04932683}
	EndGlobalSection
EndGlobal
